PODS:
  - Flutter (1.0.0)
  - flutter_native_view (0.0.1):
    - Flutter
  - integration_test (0.0.1):
    - Flutter

DEPENDENCIES:
  - Flutter (from `Flutter`)
  - flutter_native_view (from `.symlinks/plugins/flutter_native_view/ios`)
  - integration_test (from `.symlinks/plugins/integration_test/ios`)

EXTERNAL SOURCES:
  Flutter:
    :path: Flutter
  flutter_native_view:
    :path: ".symlinks/plugins/flutter_native_view/ios"
  integration_test:
    :path: ".symlinks/plugins/integration_test/ios"

SPEC CHECKSUMS:
  Flutter: cabc95a1d2626b1b06e7179b784ebcf0c0cde467
  flutter_native_view: b2b7c38fabf2c655756bd73c20b3db268884ea7d
  integration_test: 4a889634ef21a45d28d50d622cf412dc6d9f586e

PODFILE CHECKSUM: 915e58fd71f05ae99fabdd8ac2991c68108b3464

COCOAPODS: 1.16.2
